# This file is automatically @generated by Cargo.
# It is not intended for manual editing.
[[package]]
name = "cli"
version = "0.1.0"

[[package]]
name = "ct-model"
version = "0.1.0"
dependencies = [
 "ct-primitive",
]

[[package]]
name = "ct-primitive"
version = "0.1.0"

[[package]]
name = "ct-service"
version = "0.1.0"
dependencies = [
 "ct-model",
 "ct-primitive",
]

[[package]]
name = "runtime"
version = "0.1.0"
dependencies = [
 "ct-model",
 "ct-primitive",
 "ct-service",
]
